
Microsoft Visual Studio Solution File, Format Version 12.00
# Visual Studio 15
VisualStudioVersion = 15.0.28307.572
MinimumVisualStudioVersion = 10.0.40219.1
Project("{FAE04EC0-301F-11D3-BF4B-00C04F79EFBC}") = "VSIXImportExternalAssemblyExample", "VSIXImportExternalAssemblyExample\VSIXImportExternalAssemblyExample.csproj", "{B3F53E32-BCF6-4FD2-968E-E7027425E963}"
EndProject
Project("{FAE04EC0-301F-11D3-BF4B-00C04F79EFBC}") = "ExternalClassLibrary", "ExternalClassLibrary\ExternalClassLibrary.csproj", "{11E721CC-0CEE-474E-A7B0-A3DA3AE0326A}"
EndProject
Global
	GlobalSection(SolutionConfigurationPlatforms) = preSolution
		Debug|Any CPU = Debug|Any CPU
		Release|Any CPU = Release|Any CPU
	EndGlobalSection
	GlobalSection(ProjectConfigurationPlatforms) = postSolution
		{B3F53E32-BCF6-4FD2-968E-E7027425E963}.Debug|Any CPU.ActiveCfg = Debug|Any CPU
		{B3F53E32-BCF6-4FD2-968E-E7027425E963}.Debug|Any CPU.Build.0 = Debug|Any CPU
		{B3F53E32-BCF6-4FD2-968E-E7027425E963}.Release|Any CPU.ActiveCfg = Release|Any CPU
		{B3F53E32-BCF6-4FD2-968E-E7027425E963}.Release|Any CPU.Build.0 = Release|Any CPU
		{11E721CC-0CEE-474E-A7B0-A3DA3AE0326A}.Debug|Any CPU.ActiveCfg = Debug|Any CPU
		{11E721CC-0CEE-474E-A7B0-A3DA3AE0326A}.Debug|Any CPU.Build.0 = Debug|Any CPU
		{11E721CC-0CEE-474E-A7B0-A3DA3AE0326A}.Release|Any CPU.ActiveCfg = Release|Any CPU
		{11E721CC-0CEE-474E-A7B0-A3DA3AE0326A}.Release|Any CPU.Build.0 = Release|Any CPU
	EndGlobalSection
	GlobalSection(SolutionProperties) = preSolution
		HideSolutionNode = FALSE
	EndGlobalSection
	GlobalSection(ExtensibilityGlobals) = postSolution
		SolutionGuid = {C54E823D-718A-4CFE-A95A-210BF1597F17}
	EndGlobalSection
EndGlobal
